
Microsoft Visual Studio Solution File, Format Version 12.00
# Visual Studio Version 17
VisualStudioVersion = 17.8.34330.188
MinimumVisualStudioVersion = 10.0.40219.1
Project("{FAE04EC0-301F-11D3-BF4B-00C04F79EFBC}") = "UserManagment", "UserManagment\UserManagment.csproj", "{423C0462-FEFF-4E15-A55A-F94C62D9D01D}"
EndProject
Global
	GlobalSection(SolutionConfigurationPlatforms) = preSolution
		Debug|Any CPU = Debug|Any CPU
		Release|Any CPU = Release|Any CPU
	EndGlobalSection
	GlobalSection(ProjectConfigurationPlatforms) = postSolution
		{423C0462-FEFF-4E15-A55A-F94C62D9D01D}.Debug|Any CPU.ActiveCfg = Debug|Any CPU
		{423C0462-FEFF-4E15-A55A-F94C62D9D01D}.Debug|Any CPU.Build.0 = Debug|Any CPU
		{423C0462-FEFF-4E15-A55A-F94C62D9D01D}.Release|Any CPU.ActiveCfg = Release|Any CPU
		{423C0462-FEFF-4E15-A55A-F94C62D9D01D}.Release|Any CPU.Build.0 = Release|Any CPU
	EndGlobalSection
	GlobalSection(SolutionProperties) = preSolution
		HideSolutionNode = FALSE
	EndGlobalSection
	GlobalSection(ExtensibilityGlobals) = postSolution
		SolutionGuid = {250DD7A1-A32E-423D-98D2-D5C7BE51FC23}
	EndGlobalSection
EndGlobal
